
Microsoft Visual Studio Solution File, Format Version 12.00
# Visual Studio Version 16
VisualStudioVersion = 16.0.30804.86
MinimumVisualStudioVersion = 10.0.40219.1
Project("{FAE04EC0-301F-11D3-BF4B-00C04F79EFBC}") = "DrawFRRLines", "DrawFRRLines.csproj", "{EEDE81C7-0052-4A42-8CD2-2D857874FE69}"
EndProject
Global
	GlobalSection(SolutionConfigurationPlatforms) = preSolution
		Debug|Any CPU = Debug|Any CPU
		Release|Any CPU = Release|Any CPU
	EndGlobalSection
	GlobalSection(ProjectConfigurationPlatforms) = postSolution
		{EEDE81C7-0052-4A42-8CD2-2D857874FE69}.Debug|Any CPU.ActiveCfg = Debug|Any CPU
		{EEDE81C7-0052-4A42-8CD2-2D857874FE69}.Debug|Any CPU.Build.0 = Debug|Any CPU
		{EEDE81C7-0052-4A42-8CD2-2D857874FE69}.Release|Any CPU.ActiveCfg = Release|Any CPU
		{EEDE81C7-0052-4A42-8CD2-2D857874FE69}.Release|Any CPU.Build.0 = Release|Any CPU
	EndGlobalSection
	GlobalSection(SolutionProperties) = preSolution
		HideSolutionNode = FALSE
	EndGlobalSection
	GlobalSection(ExtensibilityGlobals) = postSolution
		SolutionGuid = {8A66A6E7-57E0-4461-A411-12D07955E440}
	EndGlobalSection
EndGlobal
